// !$*UTF8*$!
{
	archiveVersion = 1;
	classes = {
	};
	objectVersion = 50;
	objects = {

/* Begin PBXBuildFile section */
		5B58567D248429A3003188D0 /* constants.cpp in Sources */ = {isa = PBXBuildFile; fileRef = 5B58567B248429A3003188D0 /* constants.cpp */; };
		5B58568124842A7E003188D0 /* Richardson_extrapolation.cpp in Sources */ = {isa = PBXBuildFile; fileRef = 5B58567F24842A7E003188D0 /* Richardson_extrapolation.cpp */; };
		5B58568624842C69003188D0 /* Newton_Cotes.cpp in Sources */ = {isa = PBXBuildFile; fileRef = 5B58568424842C69003188D0 /* Newton_Cotes.cpp */; };
		5B58568B24842E96003188D0 /* f.cpp in Sources */ = {isa = PBXBuildFile; fileRef = 5B58568924842E96003188D0 /* f.cpp */; };
		5B58569024846439003188D0 /* Cardano_formula.cpp in Sources */ = {isa = PBXBuildFile; fileRef = 5B58568E24846439003188D0 /* Cardano_formula.cpp */; };
		5B585694248464C8003188D0 /* Gauss_formula.cpp in Sources */ = {isa = PBXBuildFile; fileRef = 5B585692248464C8003188D0 /* Gauss_formula.cpp */; };
		5B5FA0D924817D58009D1303 /* LUP.cpp in Sources */ = {isa = PBXBuildFile; fileRef = 5B5FA0D724817D58009D1303 /* LUP.cpp */; };
		5B89C51C2486835300D0E074 /* Gauss_SLAE.cpp in Sources */ = {isa = PBXBuildFile; fileRef = 5B89C51A2486835300D0E074 /* Gauss_SLAE.cpp */; };
		5BBAF4CF247FCD0000B07563 /* main.cpp in Sources */ = {isa = PBXBuildFile; fileRef = 5BBAF4CE247FCD0000B07563 /* main.cpp */; };
/* End PBXBuildFile section */

/* Begin PBXCopyFilesBuildPhase section */
		5BBAF4C9247FCD0000B07563 /* CopyFiles */ = {
			isa = PBXCopyFilesBuildPhase;
			buildActionMask = 2147483647;
			dstPath = /usr/share/man/man1/;
			dstSubfolderSpec = 0;
			files = (
			);
			runOnlyForDeploymentPostprocessing = 1;
		};
/* End PBXCopyFilesBuildPhase section */

/* Begin PBXFileReference section */
		5B58567B248429A3003188D0 /* constants.cpp */ = {isa = PBXFileReference; lastKnownFileType = sourcecode.cpp.cpp; path = constants.cpp; sourceTree = "<group>"; };
		5B58567F24842A7E003188D0 /* Richardson_extrapolation.cpp */ = {isa = PBXFileReference; lastKnownFileType = sourcecode.cpp.cpp; path = Richardson_extrapolation.cpp; sourceTree = "<group>"; };
		5B58568024842A7E003188D0 /* Richardson_extrapolation.hpp */ = {isa = PBXFileReference; lastKnownFileType = sourcecode.cpp.h; path = Richardson_extrapolation.hpp; sourceTree = "<group>"; };
		5B58568424842C69003188D0 /* Newton_Cotes.cpp */ = {isa = PBXFileReference; lastKnownFileType = sourcecode.cpp.cpp; path = Newton_Cotes.cpp; sourceTree = "<group>"; };
		5B58568524842C69003188D0 /* Newton_Cotes.hpp */ = {isa = PBXFileReference; lastKnownFileType = sourcecode.cpp.h; path = Newton_Cotes.hpp; sourceTree = "<group>"; };
		5B58568924842E96003188D0 /* f.cpp */ = {isa = PBXFileReference; lastKnownFileType = sourcecode.cpp.cpp; path = f.cpp; sourceTree = "<group>"; };
		5B58568A24842E96003188D0 /* f.hpp */ = {isa = PBXFileReference; lastKnownFileType = sourcecode.cpp.h; path = f.hpp; sourceTree = "<group>"; };
		5B58568E24846439003188D0 /* Cardano_formula.cpp */ = {isa = PBXFileReference; lastKnownFileType = sourcecode.cpp.cpp; path = Cardano_formula.cpp; sourceTree = "<group>"; };
		5B58568F24846439003188D0 /* Cardano_formula.hpp */ = {isa = PBXFileReference; lastKnownFileType = sourcecode.cpp.h; path = Cardano_formula.hpp; sourceTree = "<group>"; };
		5B585692248464C8003188D0 /* Gauss_formula.cpp */ = {isa = PBXFileReference; lastKnownFileType = sourcecode.cpp.cpp; path = Gauss_formula.cpp; sourceTree = "<group>"; };
		5B585693248464C8003188D0 /* Gauss_formula.hpp */ = {isa = PBXFileReference; lastKnownFileType = sourcecode.cpp.h; path = Gauss_formula.hpp; sourceTree = "<group>"; };
		5B5FA0D724817D58009D1303 /* LUP.cpp */ = {isa = PBXFileReference; lastKnownFileType = sourcecode.cpp.cpp; path = LUP.cpp; sourceTree = "<group>"; };
		5B5FA0D824817D58009D1303 /* LUP.hpp */ = {isa = PBXFileReference; lastKnownFileType = sourcecode.cpp.h; path = LUP.hpp; sourceTree = "<group>"; };
		5B89C51A2486835300D0E074 /* Gauss_SLAE.cpp */ = {isa = PBXFileReference; lastKnownFileType = sourcecode.cpp.cpp; path = Gauss_SLAE.cpp; sourceTree = "<group>"; };
		5B89C51B2486835300D0E074 /* Gauss_SLAE.hpp */ = {isa = PBXFileReference; lastKnownFileType = sourcecode.cpp.h; path = Gauss_SLAE.hpp; sourceTree = "<group>"; };
		5BBAF4CB247FCD0000B07563 /* Integral(Task4) */ = {isa = PBXFileReference; explicitFileType = "compiled.mach-o.executable"; includeInIndex = 0; path = "Integral(Task4)"; sourceTree = BUILT_PRODUCTS_DIR; };
		5BBAF4CE247FCD0000B07563 /* main.cpp */ = {isa = PBXFileReference; lastKnownFileType = sourcecode.cpp.cpp; path = main.cpp; sourceTree = "<group>"; };
/* End PBXFileReference section */

/* Begin PBXFrameworksBuildPhase section */
		5BBAF4C8247FCD0000B07563 /* Frameworks */ = {
			isa = PBXFrameworksBuildPhase;
			buildActionMask = 2147483647;
			files = (
			);
			runOnlyForDeploymentPostprocessing = 0;
		};
/* End PBXFrameworksBuildPhase section */

/* Begin PBXGroup section */
		5B58567E24842A64003188D0 /* Richardson_extrapolation */ = {
			isa = PBXGroup;
			children = (
				5B58567F24842A7E003188D0 /* Richardson_extrapolation.cpp */,
				5B58568024842A7E003188D0 /* Richardson_extrapolation.hpp */,
			);
			path = Richardson_extrapolation;
			sourceTree = "<group>";
		};
		5B58568324842C54003188D0 /* Newton_Cotes */ = {
			isa = PBXGroup;
			children = (
				5B58568424842C69003188D0 /* Newton_Cotes.cpp */,
				5B58568524842C69003188D0 /* Newton_Cotes.hpp */,
			);
			path = Newton_Cotes;
			sourceTree = "<group>";
		};
		5B58568C24842EBD003188D0 /* f */ = {
			isa = PBXGroup;
			children = (
				5B58568A24842E96003188D0 /* f.hpp */,
				5B58568924842E96003188D0 /* f.cpp */,
			);
			path = f;
			sourceTree = "<group>";
		};
		5B58568D2484641A003188D0 /* Cardano */ = {
			isa = PBXGroup;
			children = (
				5B58568E24846439003188D0 /* Cardano_formula.cpp */,
				5B58568F24846439003188D0 /* Cardano_formula.hpp */,
			);
			path = Cardano;
			sourceTree = "<group>";
		};
		5B585691248464AA003188D0 /* Gauss_formula */ = {
			isa = PBXGroup;
			children = (
				5B585693248464C8003188D0 /* Gauss_formula.hpp */,
				5B585692248464C8003188D0 /* Gauss_formula.cpp */,
			);
			path = Gauss_formula;
			sourceTree = "<group>";
		};
		5B5FA0D624817D46009D1303 /* LUP */ = {
			isa = PBXGroup;
			children = (
				5B5FA0D724817D58009D1303 /* LUP.cpp */,
				5B5FA0D824817D58009D1303 /* LUP.hpp */,
				5B89C51A2486835300D0E074 /* Gauss_SLAE.cpp */,
				5B89C51B2486835300D0E074 /* Gauss_SLAE.hpp */,
			);
			path = LUP;
			sourceTree = "<group>";
		};
		5BBAF4C2247FCD0000B07563 = {
			isa = PBXGroup;
			children = (
				5BBAF4CD247FCD0000B07563 /* Integral(Task4) */,
				5BBAF4CC247FCD0000B07563 /* Products */,
			);
			sourceTree = "<group>";
		};
		5BBAF4CC247FCD0000B07563 /* Products */ = {
			isa = PBXGroup;
			children = (
				5BBAF4CB247FCD0000B07563 /* Integral(Task4) */,
			);
			name = Products;
			sourceTree = "<group>";
		};
		5BBAF4CD247FCD0000B07563 /* Integral(Task4) */ = {
			isa = PBXGroup;
			children = (
				5BBAF4CE247FCD0000B07563 /* main.cpp */,
				5B58567B248429A3003188D0 /* constants.cpp */,
				5B58568C24842EBD003188D0 /* f */,
				5B585691248464AA003188D0 /* Gauss_formula */,
				5B58568D2484641A003188D0 /* Cardano */,
				5B58568324842C54003188D0 /* Newton_Cotes */,
				5B58567E24842A64003188D0 /* Richardson_extrapolation */,
				5B5FA0D624817D46009D1303 /* LUP */,
			);
			path = "Integral(Task4)";
			sourceTree = "<group>";
		};
/* End PBXGroup section */

/* Begin PBXNativeTarget section */
		5BBAF4CA247FCD0000B07563 /* Integral(Task4) */ = {
			isa = PBXNativeTarget;
			buildConfigurationList = 5BBAF4D2247FCD0000B07563 /* Build configuration list for PBXNativeTarget "Integral(Task4)" */;
			buildPhases = (
				5BBAF4C7247FCD0000B07563 /* Sources */,
				5BBAF4C8247FCD0000B07563 /* Frameworks */,
				5BBAF4C9247FCD0000B07563 /* CopyFiles */,
			);
			buildRules = (
			);
			dependencies = (
			);
			name = "Integral(Task4)";
			productName = "Integral(Task4)";
			productReference = 5BBAF4CB247FCD0000B07563 /* Integral(Task4) */;
			productType = "com.apple.product-type.tool";
		};
/* End PBXNativeTarget section */

/* Begin PBXProject section */
		5BBAF4C3247FCD0000B07563 /* Project object */ = {
			isa = PBXProject;
			attributes = {
				LastUpgradeCheck = 1150;
				ORGANIZATIONNAME = "Артем Белов";
				TargetAttributes = {
					5BBAF4CA247FCD0000B07563 = {
						CreatedOnToolsVersion = 11.5;
					};
				};
			};
			buildConfigurationList = 5BBAF4C6247FCD0000B07563 /* Build configuration list for PBXProject "Integral(Task4)" */;
			compatibilityVersion = "Xcode 9.3";
			developmentRegion = en;
			hasScannedForEncodings = 0;
			knownRegions = (
				en,
				Base,
			);
			mainGroup = 5BBAF4C2247FCD0000B07563;
			productRefGroup = 5BBAF4CC247FCD0000B07563 /* Products */;
			projectDirPath = "";
			projectRoot = "";
			targets = (
				5BBAF4CA247FCD0000B07563 /* Integral(Task4) */,
			);
		};
/* End PBXProject section */

/* Begin PBXSourcesBuildPhase section */
		5BBAF4C7247FCD0000B07563 /* Sources */ = {
			isa = PBXSourcesBuildPhase;
			buildActionMask = 2147483647;
			files = (
				5B89C51C2486835300D0E074 /* Gauss_SLAE.cpp in Sources */,
				5B58568B24842E96003188D0 /* f.cpp in Sources */,
				5B58569024846439003188D0 /* Cardano_formula.cpp in Sources */,
				5B585694248464C8003188D0 /* Gauss_formula.cpp in Sources */,
				5BBAF4CF247FCD0000B07563 /* main.cpp in Sources */,
				5B58568624842C69003188D0 /* Newton_Cotes.cpp in Sources */,
				5B5FA0D924817D58009D1303 /* LUP.cpp in Sources */,
				5B58568124842A7E003188D0 /* Richardson_extrapolation.cpp in Sources */,
				5B58567D248429A3003188D0 /* constants.cpp in Sources */,
			);
			runOnlyForDeploymentPostprocessing = 0;
		};
/* End PBXSourcesBuildPhase section */

/* Begin XCBuildConfiguration section */
		5BBAF4D0247FCD0000B07563 /* Debug */ = {
			isa = XCBuildConfiguration;
			buildSettings = {
				ALWAYS_SEARCH_USER_PATHS = NO;
				CLANG_ANALYZER_NONNULL = YES;
				CLANG_ANALYZER_NUMBER_OBJECT_CONVERSION = YES_AGGRESSIVE;
				CLANG_CXX_LANGUAGE_STANDARD = "gnu++14";
				CLANG_CXX_LIBRARY = "libc++";
				CLANG_ENABLE_MODULES = YES;
				CLANG_ENABLE_OBJC_ARC = YES;
				CLANG_ENABLE_OBJC_WEAK = YES;
				CLANG_WARN_BLOCK_CAPTURE_AUTORELEASING = YES;
				CLANG_WARN_BOOL_CONVERSION = YES;
				CLANG_WARN_COMMA = YES;
				CLANG_WARN_CONSTANT_CONVERSION = YES;
				CLANG_WARN_DEPRECATED_OBJC_IMPLEMENTATIONS = YES;
				CLANG_WARN_DIRECT_OBJC_ISA_USAGE = YES_ERROR;
				CLANG_WARN_DOCUMENTATION_COMMENTS = YES;
				CLANG_WARN_EMPTY_BODY = YES;
				CLANG_WARN_ENUM_CONVERSION = YES;
				CLANG_WARN_INFINITE_RECURSION = YES;
				CLANG_WARN_INT_CONVERSION = YES;
				CLANG_WARN_NON_LITERAL_NULL_CONVERSION = YES;
				CLANG_WARN_OBJC_IMPLICIT_RETAIN_SELF = YES;
				CLANG_WARN_OBJC_LITERAL_CONVERSION = YES;
				CLANG_WARN_OBJC_ROOT_CLASS = YES_ERROR;
				CLANG_WARN_RANGE_LOOP_ANALYSIS = YES;
				CLANG_WARN_STRICT_PROTOTYPES = YES;
				CLANG_WARN_SUSPICIOUS_MOVE = YES;
				CLANG_WARN_UNGUARDED_AVAILABILITY = YES_AGGRESSIVE;
				CLANG_WARN_UNREACHABLE_CODE = YES;
				CLANG_WARN__DUPLICATE_METHOD_MATCH = YES;
				COPY_PHASE_STRIP = NO;
				DEBUG_INFORMATION_FORMAT = dwarf;
				ENABLE_STRICT_OBJC_MSGSEND = YES;
				ENABLE_TESTABILITY = YES;
				GCC_C_LANGUAGE_STANDARD = gnu11;
				GCC_DYNAMIC_NO_PIC = NO;
				GCC_NO_COMMON_BLOCKS = YES;
				GCC_OPTIMIZATION_LEVEL = 0;
				GCC_PREPROCESSOR_DEFINITIONS = (
					"DEBUG=1",
					"$(inherited)",
				);
				GCC_WARN_64_TO_32_BIT_CONVERSION = YES;
				GCC_WARN_ABOUT_RETURN_TYPE = YES_ERROR;
				GCC_WARN_UNDECLARED_SELECTOR = YES;
				GCC_WARN_UNINITIALIZED_AUTOS = YES_AGGRESSIVE;
				GCC_WARN_UNUSED_FUNCTION = YES;
				GCC_WARN_UNUSED_VARIABLE = YES;
				MACOSX_DEPLOYMENT_TARGET = 10.15;
				MTL_ENABLE_DEBUG_INFO = INCLUDE_SOURCE;
				MTL_FAST_MATH = YES;
				ONLY_ACTIVE_ARCH = YES;
				SDKROOT = macosx;
			};
			name = Debug;
		};
		5BBAF4D1247FCD0000B07563 /* Release */ = {
			isa = XCBuildConfiguration;
			buildSettings = {
				ALWAYS_SEARCH_USER_PATHS = NO;
				CLANG_ANALYZER_NONNULL = YES;
				CLANG_ANALYZER_NUMBER_OBJECT_CONVERSION = YES_AGGRESSIVE;
				CLANG_CXX_LANGUAGE_STANDARD = "gnu++14";
				CLANG_CXX_LIBRARY = "libc++";
				CLANG_ENABLE_MODULES = YES;
				CLANG_ENABLE_OBJC_ARC = YES;
				CLANG_ENABLE_OBJC_WEAK = YES;
				CLANG_WARN_BLOCK_CAPTURE_AUTORELEASING = YES;
				CLANG_WARN_BOOL_CONVERSION = YES;
				CLANG_WARN_COMMA = YES;
				CLANG_WARN_CONSTANT_CONVERSION = YES;
				CLANG_WARN_DEPRECATED_OBJC_IMPLEMENTATIONS = YES;
				CLANG_WARN_DIRECT_OBJC_ISA_USAGE = YES_ERROR;
				CLANG_WARN_DOCUMENTATION_COMMENTS = YES;
				CLANG_WARN_EMPTY_BODY = YES;
				CLANG_WARN_ENUM_CONVERSION = YES;
				CLANG_WARN_INFINITE_RECURSION = YES;
				CLANG_WARN_INT_CONVERSION = YES;
				CLANG_WARN_NON_LITERAL_NULL_CONVERSION = YES;
				CLANG_WARN_OBJC_IMPLICIT_RETAIN_SELF = YES;
				CLANG_WARN_OBJC_LITERAL_CONVERSION = YES;
				CLANG_WARN_OBJC_ROOT_CLASS = YES_ERROR;
				CLANG_WARN_RANGE_LOOP_ANALYSIS = YES;
				CLANG_WARN_STRICT_PROTOTYPES = YES;
				CLANG_WARN_SUSPICIOUS_MOVE = YES;
				CLANG_WARN_UNGUARDED_AVAILABILITY = YES_AGGRESSIVE;
				CLANG_WARN_UNREACHABLE_CODE = YES;
				CLANG_WARN__DUPLICATE_METHOD_MATCH = YES;
				COPY_PHASE_STRIP = NO;
				DEBUG_INFORMATION_FORMAT = "dwarf-with-dsym";
				ENABLE_NS_ASSERTIONS = NO;
				ENABLE_STRICT_OBJC_MSGSEND = YES;
				GCC_C_LANGUAGE_STANDARD = gnu11;
				GCC_NO_COMMON_BLOCKS = YES;
				GCC_WARN_64_TO_32_BIT_CONVERSION = YES;
				GCC_WARN_ABOUT_RETURN_TYPE = YES_ERROR;
				GCC_WARN_UNDECLARED_SELECTOR = YES;
				GCC_WARN_UNINITIALIZED_AUTOS = YES_AGGRESSIVE;
				GCC_WARN_UNUSED_FUNCTION = YES;
				GCC_WARN_UNUSED_VARIABLE = YES;
				MACOSX_DEPLOYMENT_TARGET = 10.15;
				MTL_ENABLE_DEBUG_INFO = NO;
				MTL_FAST_MATH = YES;
				SDKROOT = macosx;
			};
			name = Release;
		};
		5BBAF4D3247FCD0000B07563 /* Debug */ = {
			isa = XCBuildConfiguration;
			buildSettings = {
				CODE_SIGN_STYLE = Automatic;
				DEVELOPMENT_TEAM = 6CB6UZS3BP;
				ENABLE_HARDENED_RUNTIME = YES;
				PRODUCT_NAME = "$(TARGET_NAME)";
			};
			name = Debug;
		};
		5BBAF4D4247FCD0000B07563 /* Release */ = {
			isa = XCBuildConfiguration;
			buildSettings = {
				CODE_SIGN_STYLE = Automatic;
				DEVELOPMENT_TEAM = 6CB6UZS3BP;
				ENABLE_HARDENED_RUNTIME = YES;
				PRODUCT_NAME = "$(TARGET_NAME)";
			};
			name = Release;
		};
/* End XCBuildConfiguration section */

/* Begin XCConfigurationList section */
		5BBAF4C6247FCD0000B07563 /* Build configuration list for PBXProject "Integral(Task4)" */ = {
			isa = XCConfigurationList;
			buildConfigurations = (
				5BBAF4D0247FCD0000B07563 /* Debug */,
				5BBAF4D1247FCD0000B07563 /* Release */,
			);
			defaultConfigurationIsVisible = 0;
			defaultConfigurationName = Release;
		};
		5BBAF4D2247FCD0000B07563 /* Build configuration list for PBXNativeTarget "Integral(Task4)" */ = {
			isa = XCConfigurationList;
			buildConfigurations = (
				5BBAF4D3247FCD0000B07563 /* Debug */,
				5BBAF4D4247FCD0000B07563 /* Release */,
			);
			defaultConfigurationIsVisible = 0;
			defaultConfigurationName = Release;
		};
/* End XCConfigurationList section */
	};
	rootObject = 5BBAF4C3247FCD0000B07563 /* Project object */;
}
